// !$*UTF8*$!
{
	archiveVersion = 1;
	classes = {
	};
	objectVersion = 46;
	objects = {

/* Begin PBXBuildFile section */
		77DE91D81DD71F9C00F37A1F /* AppDelegate.swift in Sources */ = {isa = PBXBuildFile; fileRef = 77DE91D71DD71F9C00F37A1F /* AppDelegate.swift */; };
		77DE91DA1DD71F9C00F37A1F /* ViewController.swift in Sources */ = {isa = PBXBuildFile; fileRef = 77DE91D91DD71F9C00F37A1F /* ViewController.swift */; };
		77DE91DD1DD71F9C00F37A1F /* Main.storyboard in Resources */ = {isa = PBXBuildFile; fileRef = 77DE91DB1DD71F9C00F37A1F /* Main.storyboard */; };
		77DE91DF1DD71F9C00F37A1F /* Assets.xcassets in Resources */ = {isa = PBXBuildFile; fileRef = 77DE91DE1DD71F9C00F37A1F /* Assets.xcassets */; };
		77DE91E21DD71F9C00F37A1F /* LaunchScreen.storyboard in Resources */ = {isa = PBXBuildFile; fileRef = 77DE91E01DD71F9C00F37A1F /* LaunchScreen.storyboard */; };
		77DE91EA1DD720B100F37A1F /* ARView.swift in Sources */ = {isa = PBXBuildFile; fileRef = 77DE91E91DD720B100F37A1F /* ARView.swift */; };
/* End PBXBuildFile section */

/* Begin PBXFileReference section */
		77DE91D41DD71F9C00F37A1F /* AR-Test.app */ = {isa = PBXFileReference; explicitFileType = wrapper.application; includeInIndex = 0; path = "AR-Test.app"; sourceTree = BUILT_PRODUCTS_DIR; };
		77DE91D71DD71F9C00F37A1F /* AppDelegate.swift */ = {isa = PBXFileReference; lastKnownFileType = sourcecode.swift; path = AppDelegate.swift; sourceTree = "<group>"; };
		77DE91D91DD71F9C00F37A1F /* ViewController.swift */ = {isa = PBXFileReference; lastKnownFileType = sourcecode.swift; path = ViewController.swift; sourceTree = "<group>"; };
		77DE91DC1DD71F9C00F37A1F /* Base */ = {isa = PBXFileReference; lastKnownFileType = file.storyboard; name = Base; path = Base.lproj/Main.storyboard; sourceTree = "<group>"; };
		77DE91DE1DD71F9C00F37A1F /* Assets.xcassets */ = {isa = PBXFileReference; lastKnownFileType = folder.assetcatalog; path = Assets.xcassets; sourceTree = "<group>"; };
		77DE91E11DD71F9C00F37A1F /* Base */ = {isa = PBXFileReference; lastKnownFileType = file.storyboard; name = Base; path = Base.lproj/LaunchScreen.storyboard; sourceTree = "<group>"; };
		77DE91E31DD71F9C00F37A1F /* Info.plist */ = {isa = PBXFileReference; lastKnownFileType = text.plist.xml; path = Info.plist; sourceTree = "<group>"; };
		77DE91E91DD720B100F37A1F /* ARView.swift */ = {isa = PBXFileReference; fileEncoding = 4; lastKnownFileType = sourcecode.swift; name = ARView.swift; path = ../../ARView.swift; sourceTree = "<group>"; };
/* End PBXFileReference section */

/* Begin PBXFrameworksBuildPhase section */
		77DE91D11DD71F9C00F37A1F /* Frameworks */ = {
			isa = PBXFrameworksBuildPhase;
			buildActionMask = 2147483647;
			files = (
			);
			runOnlyForDeploymentPostprocessing = 0;
		};
/* End PBXFrameworksBuildPhase section */

/* Begin PBXGroup section */
		77DE91CB1DD71F9C00F37A1F = {
			isa = PBXGroup;
			children = (
				77DE91D61DD71F9C00F37A1F /* AR-Test */,
				77DE91D51DD71F9C00F37A1F /* Products */,
			);
			sourceTree = "<group>";
		};
		77DE91D51DD71F9C00F37A1F /* Products */ = {
			isa = PBXGroup;
			children = (
				77DE91D41DD71F9C00F37A1F /* AR-Test.app */,
			);
			name = Products;
			sourceTree = "<group>";
		};
		77DE91D61DD71F9C00F37A1F /* AR-Test */ = {
			isa = PBXGroup;
			children = (
				77DE91D71DD71F9C00F37A1F /* AppDelegate.swift */,
				77DE91D91DD71F9C00F37A1F /* ViewController.swift */,
				77DE91DB1DD71F9C00F37A1F /* Main.storyboard */,
				77DE91DE1DD71F9C00F37A1F /* Assets.xcassets */,
				77DE91E01DD71F9C00F37A1F /* LaunchScreen.storyboard */,
				77DE91E31DD71F9C00F37A1F /* Info.plist */,
				77DE91E91DD720B100F37A1F /* ARView.swift */,
			);
			path = "AR-Test";
			sourceTree = "<group>";
		};
/* End PBXGroup section */

/* Begin PBXNativeTarget section */
		77DE91D31DD71F9C00F37A1F /* AR-Test */ = {
			isa = PBXNativeTarget;
			buildConfigurationList = 77DE91E61DD71F9C00F37A1F /* Build configuration list for PBXNativeTarget "AR-Test" */;
			buildPhases = (
				77DE91D01DD71F9C00F37A1F /* Sources */,
				77DE91D11DD71F9C00F37A1F /* Frameworks */,
				77DE91D21DD71F9C00F37A1F /* Resources */,
			);
			buildRules = (
			);
			dependencies = (
			);
			name = "AR-Test";
			productName = "AR-Test";
			productReference = 77DE91D41DD71F9C00F37A1F /* AR-Test.app */;
			productType = "com.apple.product-type.application";
		};
/* End PBXNativeTarget section */

/* Begin PBXProject section */
		77DE91CC1DD71F9C00F37A1F /* Project object */ = {
			isa = PBXProject;
			attributes = {
				LastSwiftUpdateCheck = 0810;
				LastUpgradeCheck = 0810;
				ORGANIZATIONNAME = "ydangle apps";
				TargetAttributes = {
					77DE91D31DD71F9C00F37A1F = {
						CreatedOnToolsVersion = 8.1;
						DevelopmentTeam = 5QS4R3TC26;
						ProvisioningStyle = Automatic;
					};
				};
			};
			buildConfigurationList = 77DE91CF1DD71F9C00F37A1F /* Build configuration list for PBXProject "AR-Test" */;
			compatibilityVersion = "Xcode 3.2";
			developmentRegion = English;
			hasScannedForEncodings = 0;
			knownRegions = (
				en,
				Base,
			);
			mainGroup = 77DE91CB1DD71F9C00F37A1F;
			productRefGroup = 77DE91D51DD71F9C00F37A1F /* Products */;
			projectDirPath = "";
			projectRoot = "";
			targets = (
				77DE91D31DD71F9C00F37A1F /* AR-Test */,
			);
		};
/* End PBXProject section */

/* Begin PBXResourcesBuildPhase section */
		77DE91D21DD71F9C00F37A1F /* Resources */ = {
			isa = PBXResourcesBuildPhase;
			buildActionMask = 2147483647;
			files = (
				77DE91E21DD71F9C00F37A1F /* LaunchScreen.storyboard in Resources */,
				77DE91DF1DD71F9C00F37A1F /* Assets.xcassets in Resources */,
				77DE91DD1DD71F9C00F37A1F /* Main.storyboard in Resources */,
			);
			runOnlyForDeploymentPostprocessing = 0;
		};
/* End PBXResourcesBuildPhase section */

/* Begin PBXSourcesBuildPhase section */
		77DE91D01DD71F9C00F37A1F /* Sources */ = {
			isa = PBXSourcesBuildPhase;
			buildActionMask = 2147483647;
			files = (
				77DE91DA1DD71F9C00F37A1F /* ViewController.swift in Sources */,
				77DE91D81DD71F9C00F37A1F /* AppDelegate.swift in Sources */,
				77DE91EA1DD720B100F37A1F /* ARView.swift in Sources */,
			);
			runOnlyForDeploymentPostprocessing = 0;
		};
/* End PBXSourcesBuildPhase section */

/* Begin PBXVariantGroup section */
		77DE91DB1DD71F9C00F37A1F /* Main.storyboard */ = {
			isa = PBXVariantGroup;
			children = (
				77DE91DC1DD71F9C00F37A1F /* Base */,
			);
			name = Main.storyboard;
			sourceTree = "<group>";
		};
		77DE91E01DD71F9C00F37A1F /* LaunchScreen.storyboard */ = {
			isa = PBXVariantGroup;
			children = (
				77DE91E11DD71F9C00F37A1F /* Base */,
			);
			name = LaunchScreen.storyboard;
			sourceTree = "<group>";
		};
/* End PBXVariantGroup section */

/* Begin XCBuildConfiguration section */
		77DE91E41DD71F9C00F37A1F /* Debug */ = {
			isa = XCBuildConfiguration;
			buildSettings = {
				ALWAYS_SEARCH_USER_PATHS = NO;
				CLANG_ANALYZER_NONNULL = YES;
				CLANG_CXX_LANGUAGE_STANDARD = "gnu++0x";
				CLANG_CXX_LIBRARY = "libc++";
				CLANG_ENABLE_MODULES = YES;
				CLANG_ENABLE_OBJC_ARC = YES;
				CLANG_WARN_BOOL_CONVERSION = YES;
				CLANG_WARN_CONSTANT_CONVERSION = YES;
				CLANG_WARN_DIRECT_OBJC_ISA_USAGE = YES_ERROR;
				CLANG_WARN_DOCUMENTATION_COMMENTS = YES;
				CLANG_WARN_EMPTY_BODY = YES;
				CLANG_WARN_ENUM_CONVERSION = YES;
				CLANG_WARN_INFINITE_RECURSION = YES;
				CLANG_WARN_INT_CONVERSION = YES;
				CLANG_WARN_OBJC_ROOT_CLASS = YES_ERROR;
				CLANG_WARN_SUSPICIOUS_MOVES = YES;
				CLANG_WARN_UNREACHABLE_CODE = YES;
				CLANG_WARN__DUPLICATE_METHOD_MATCH = YES;
				"CODE_SIGN_IDENTITY[sdk=iphoneos*]" = "iPhone Developer";
				COPY_PHASE_STRIP = NO;
				DEBUG_INFORMATION_FORMAT = dwarf;
				ENABLE_STRICT_OBJC_MSGSEND = YES;
				ENABLE_TESTABILITY = YES;
				GCC_C_LANGUAGE_STANDARD = gnu99;
				GCC_DYNAMIC_NO_PIC = NO;
				GCC_NO_COMMON_BLOCKS = YES;
				GCC_OPTIMIZATION_LEVEL = 0;
				GCC_PREPROCESSOR_DEFINITIONS = (
					"DEBUG=1",
					"$(inherited)",
				);
				GCC_WARN_64_TO_32_BIT_CONVERSION = YES;
				GCC_WARN_ABOUT_RETURN_TYPE = YES_ERROR;
				GCC_WARN_UNDECLARED_SELECTOR = YES;
				GCC_WARN_UNINITIALIZED_AUTOS = YES_AGGRESSIVE;
				GCC_WARN_UNUSED_FUNCTION = YES;
				GCC_WARN_UNUSED_VARIABLE = YES;
				IPHONEOS_DEPLOYMENT_TARGET = 10.1;
				MTL_ENABLE_DEBUG_INFO = YES;
				ONLY_ACTIVE_ARCH = YES;
				SDKROOT = iphoneos;
				SWIFT_ACTIVE_COMPILATION_CONDITIONS = DEBUG;
				SWIFT_OPTIMIZATION_LEVEL = "-Onone";
				TARGETED_DEVICE_FAMILY = "1,2";
			};
			name = Debug;
		};
		77DE91E51DD71F9C00F37A1F /* Release */ = {
			isa = XCBuildConfiguration;
			buildSettings = {
				ALWAYS_SEARCH_USER_PATHS = NO;
				CLANG_ANALYZER_NONNULL = YES;
				CLANG_CXX_LANGUAGE_STANDARD = "gnu++0x";
				CLANG_CXX_LIBRARY = "libc++";
				CLANG_ENABLE_MODULES = YES;
				CLANG_ENABLE_OBJC_ARC = YES;
				CLANG_WARN_BOOL_CONVERSION = YES;
				CLANG_WARN_CONSTANT_CONVERSION = YES;
				CLANG_WARN_DIRECT_OBJC_ISA_USAGE = YES_ERROR;
				CLANG_WARN_DOCUMENTATION_COMMENTS = YES;
				CLANG_WARN_EMPTY_BODY = YES;
				CLANG_WARN_ENUM_CONVERSION = YES;
				CLANG_WARN_INFINITE_RECURSION = YES;
				CLANG_WARN_INT_CONVERSION = YES;
				CLANG_WARN_OBJC_ROOT_CLASS = YES_ERROR;
				CLANG_WARN_SUSPICIOUS_MOVES = YES;
				CLANG_WARN_UNREACHABLE_CODE = YES;
				CLANG_WARN__DUPLICATE_METHOD_MATCH = YES;
				"CODE_SIGN_IDENTITY[sdk=iphoneos*]" = "iPhone Developer";
				COPY_PHASE_STRIP = NO;
				DEBUG_INFORMATION_FORMAT = "dwarf-with-dsym";
				ENABLE_NS_ASSERTIONS = NO;
				ENABLE_STRICT_OBJC_MSGSEND = YES;
				GCC_C_LANGUAGE_STANDARD = gnu99;
				GCC_NO_COMMON_BLOCKS = YES;
				GCC_WARN_64_TO_32_BIT_CONVERSION = YES;
				GCC_WARN_ABOUT_RETURN_TYPE = YES_ERROR;
				GCC_WARN_UNDECLARED_SELECTOR = YES;
				GCC_WARN_UNINITIALIZED_AUTOS = YES_AGGRESSIVE;
				GCC_WARN_UNUSED_FUNCTION = YES;
				GCC_WARN_UNUSED_VARIABLE = YES;
				IPHONEOS_DEPLOYMENT_TARGET = 10.1;
				MTL_ENABLE_DEBUG_INFO = NO;
				SDKROOT = iphoneos;
				SWIFT_OPTIMIZATION_LEVEL = "-Owholemodule";
				TARGETED_DEVICE_FAMILY = "1,2";
				VALIDATE_PRODUCT = YES;
			};
			name = Release;
		};
		77DE91E71DD71F9C00F37A1F /* Debug */ = {
			isa = XCBuildConfiguration;
			buildSettings = {
				ASSETCATALOG_COMPILER_APPICON_NAME = AppIcon;
				DEVELOPMENT_TEAM = 5QS4R3TC26;
				INFOPLIST_FILE = "AR-Test/Info.plist";
				LD_RUNPATH_SEARCH_PATHS = "$(inherited) @executable_path/Frameworks";
				PRODUCT_BUNDLE_IDENTIFIER = "com.ydangleapps.AR-Test";
				PRODUCT_NAME = "$(TARGET_NAME)";
				SWIFT_VERSION = 3.0;
			};
			name = Debug;
		};
		77DE91E81DD71F9C00F37A1F /* Release */ = {
			isa = XCBuildConfiguration;
			buildSettings = {
				ASSETCATALOG_COMPILER_APPICON_NAME = AppIcon;
				DEVELOPMENT_TEAM = 5QS4R3TC26;
				INFOPLIST_FILE = "AR-Test/Info.plist";
				LD_RUNPATH_SEARCH_PATHS = "$(inherited) @executable_path/Frameworks";
				PRODUCT_BUNDLE_IDENTIFIER = "com.ydangleapps.AR-Test";
				PRODUCT_NAME = "$(TARGET_NAME)";
				SWIFT_VERSION = 3.0;
			};
			name = Release;
		};
/* End XCBuildConfiguration section */

/* Begin XCConfigurationList section */
		77DE91CF1DD71F9C00F37A1F /* Build configuration list for PBXProject "AR-Test" */ = {
			isa = XCConfigurationList;
			buildConfigurations = (
				77DE91E41DD71F9C00F37A1F /* Debug */,
				77DE91E51DD71F9C00F37A1F /* Release */,
			);
			defaultConfigurationIsVisible = 0;
			defaultConfigurationName = Release;
		};
		77DE91E61DD71F9C00F37A1F /* Build configuration list for PBXNativeTarget "AR-Test" */ = {
			isa = XCConfigurationList;
			buildConfigurations = (
				77DE91E71DD71F9C00F37A1F /* Debug */,
				77DE91E81DD71F9C00F37A1F /* Release */,
			);
			defaultConfigurationIsVisible = 0;
			defaultConfigurationName = Release;
		};
/* End XCConfigurationList section */
	};
	rootObject = 77DE91CC1DD71F9C00F37A1F /* Project object */;
}
