// !$*UTF8*$!
{
	archiveVersion = 1;
	classes = {
	};
	objectVersion = 46;
	objects = {

/* Begin PBXBuildFile section */
		77F48E031D9ABB110091DD7D /* AppDelegate.swift in Sources */ = {isa = PBXBuildFile; fileRef = 77F48E021D9ABB110091DD7D /* AppDelegate.swift */; };
		77F48E051D9ABB110091DD7D /* ViewController.swift in Sources */ = {isa = PBXBuildFile; fileRef = 77F48E041D9ABB110091DD7D /* ViewController.swift */; };
		77F48E081D9ABB110091DD7D /* Main.storyboard in Resources */ = {isa = PBXBuildFile; fileRef = 77F48E061D9ABB110091DD7D /* Main.storyboard */; };
		77F48E0A1D9ABB110091DD7D /* Assets.xcassets in Resources */ = {isa = PBXBuildFile; fileRef = 77F48E091D9ABB110091DD7D /* Assets.xcassets */; };
		77F48E0D1D9ABB110091DD7D /* LaunchScreen.storyboard in Resources */ = {isa = PBXBuildFile; fileRef = 77F48E0B1D9ABB110091DD7D /* LaunchScreen.storyboard */; };
		77F48E151D9ABB5E0091DD7D /* Plugin.swift in Sources */ = {isa = PBXBuildFile; fileRef = 77F48E141D9ABB5E0091DD7D /* Plugin.swift */; };
/* End PBXBuildFile section */

/* Begin PBXFileReference section */
		77F48DFF1D9ABB110091DD7D /* JS Test.app */ = {isa = PBXFileReference; explicitFileType = wrapper.application; includeInIndex = 0; path = "JS Test.app"; sourceTree = BUILT_PRODUCTS_DIR; };
		77F48E021D9ABB110091DD7D /* AppDelegate.swift */ = {isa = PBXFileReference; lastKnownFileType = sourcecode.swift; path = AppDelegate.swift; sourceTree = "<group>"; };
		77F48E041D9ABB110091DD7D /* ViewController.swift */ = {isa = PBXFileReference; lastKnownFileType = sourcecode.swift; path = ViewController.swift; sourceTree = "<group>"; };
		77F48E071D9ABB110091DD7D /* Base */ = {isa = PBXFileReference; lastKnownFileType = file.storyboard; name = Base; path = Base.lproj/Main.storyboard; sourceTree = "<group>"; };
		77F48E091D9ABB110091DD7D /* Assets.xcassets */ = {isa = PBXFileReference; lastKnownFileType = folder.assetcatalog; path = Assets.xcassets; sourceTree = "<group>"; };
		77F48E0C1D9ABB110091DD7D /* Base */ = {isa = PBXFileReference; lastKnownFileType = file.storyboard; name = Base; path = Base.lproj/LaunchScreen.storyboard; sourceTree = "<group>"; };
		77F48E0E1D9ABB110091DD7D /* Info.plist */ = {isa = PBXFileReference; lastKnownFileType = text.plist.xml; path = Info.plist; sourceTree = "<group>"; };
		77F48E141D9ABB5E0091DD7D /* Plugin.swift */ = {isa = PBXFileReference; fileEncoding = 4; lastKnownFileType = sourcecode.swift; path = Plugin.swift; sourceTree = "<group>"; };
/* End PBXFileReference section */

/* Begin PBXFrameworksBuildPhase section */
		77F48DFC1D9ABB110091DD7D /* Frameworks */ = {
			isa = PBXFrameworksBuildPhase;
			buildActionMask = 2147483647;
			files = (
			);
			runOnlyForDeploymentPostprocessing = 0;
		};
/* End PBXFrameworksBuildPhase section */

/* Begin PBXGroup section */
		77F48DF61D9ABB110091DD7D = {
			isa = PBXGroup;
			children = (
				77F48E011D9ABB110091DD7D /* JS Test */,
				77F48E001D9ABB110091DD7D /* Products */,
			);
			sourceTree = "<group>";
		};
		77F48E001D9ABB110091DD7D /* Products */ = {
			isa = PBXGroup;
			children = (
				77F48DFF1D9ABB110091DD7D /* JS Test.app */,
			);
			name = Products;
			sourceTree = "<group>";
		};
		77F48E011D9ABB110091DD7D /* JS Test */ = {
			isa = PBXGroup;
			children = (
				77F48E021D9ABB110091DD7D /* AppDelegate.swift */,
				77F48E041D9ABB110091DD7D /* ViewController.swift */,
				77F48E061D9ABB110091DD7D /* Main.storyboard */,
				77F48E091D9ABB110091DD7D /* Assets.xcassets */,
				77F48E0B1D9ABB110091DD7D /* LaunchScreen.storyboard */,
				77F48E0E1D9ABB110091DD7D /* Info.plist */,
				77F48E141D9ABB5E0091DD7D /* Plugin.swift */,
			);
			path = "JS Test";
			sourceTree = "<group>";
		};
/* End PBXGroup section */

/* Begin PBXNativeTarget section */
		77F48DFE1D9ABB110091DD7D /* JS Test */ = {
			isa = PBXNativeTarget;
			buildConfigurationList = 77F48E111D9ABB110091DD7D /* Build configuration list for PBXNativeTarget "JS Test" */;
			buildPhases = (
				77F48DFB1D9ABB110091DD7D /* Sources */,
				77F48DFC1D9ABB110091DD7D /* Frameworks */,
				77F48DFD1D9ABB110091DD7D /* Resources */,
			);
			buildRules = (
			);
			dependencies = (
			);
			name = "JS Test";
			productName = "JS Test";
			productReference = 77F48DFF1D9ABB110091DD7D /* JS Test.app */;
			productType = "com.apple.product-type.application";
		};
/* End PBXNativeTarget section */

/* Begin PBXProject section */
		77F48DF71D9ABB110091DD7D /* Project object */ = {
			isa = PBXProject;
			attributes = {
				LastSwiftUpdateCheck = 0800;
				LastUpgradeCheck = 0800;
				ORGANIZATIONNAME = "ydangle apps";
				TargetAttributes = {
					77F48DFE1D9ABB110091DD7D = {
						CreatedOnToolsVersion = 8.0;
						DevelopmentTeam = 5QS4R3TC26;
						LastSwiftMigration = 0800;
						ProvisioningStyle = Automatic;
					};
				};
			};
			buildConfigurationList = 77F48DFA1D9ABB110091DD7D /* Build configuration list for PBXProject "JS Test" */;
			compatibilityVersion = "Xcode 3.2";
			developmentRegion = English;
			hasScannedForEncodings = 0;
			knownRegions = (
				en,
				Base,
			);
			mainGroup = 77F48DF61D9ABB110091DD7D;
			productRefGroup = 77F48E001D9ABB110091DD7D /* Products */;
			projectDirPath = "";
			projectRoot = "";
			targets = (
				77F48DFE1D9ABB110091DD7D /* JS Test */,
			);
		};
/* End PBXProject section */

/* Begin PBXResourcesBuildPhase section */
		77F48DFD1D9ABB110091DD7D /* Resources */ = {
			isa = PBXResourcesBuildPhase;
			buildActionMask = 2147483647;
			files = (
				77F48E0D1D9ABB110091DD7D /* LaunchScreen.storyboard in Resources */,
				77F48E0A1D9ABB110091DD7D /* Assets.xcassets in Resources */,
				77F48E081D9ABB110091DD7D /* Main.storyboard in Resources */,
			);
			runOnlyForDeploymentPostprocessing = 0;
		};
/* End PBXResourcesBuildPhase section */

/* Begin PBXSourcesBuildPhase section */
		77F48DFB1D9ABB110091DD7D /* Sources */ = {
			isa = PBXSourcesBuildPhase;
			buildActionMask = 2147483647;
			files = (
				77F48E151D9ABB5E0091DD7D /* Plugin.swift in Sources */,
				77F48E051D9ABB110091DD7D /* ViewController.swift in Sources */,
				77F48E031D9ABB110091DD7D /* AppDelegate.swift in Sources */,
			);
			runOnlyForDeploymentPostprocessing = 0;
		};
/* End PBXSourcesBuildPhase section */

/* Begin PBXVariantGroup section */
		77F48E061D9ABB110091DD7D /* Main.storyboard */ = {
			isa = PBXVariantGroup;
			children = (
				77F48E071D9ABB110091DD7D /* Base */,
			);
			name = Main.storyboard;
			sourceTree = "<group>";
		};
		77F48E0B1D9ABB110091DD7D /* LaunchScreen.storyboard */ = {
			isa = PBXVariantGroup;
			children = (
				77F48E0C1D9ABB110091DD7D /* Base */,
			);
			name = LaunchScreen.storyboard;
			sourceTree = "<group>";
		};
/* End PBXVariantGroup section */

/* Begin XCBuildConfiguration section */
		77F48E0F1D9ABB110091DD7D /* Debug */ = {
			isa = XCBuildConfiguration;
			buildSettings = {
				ALWAYS_SEARCH_USER_PATHS = NO;
				CLANG_ANALYZER_NONNULL = YES;
				CLANG_CXX_LANGUAGE_STANDARD = "gnu++0x";
				CLANG_CXX_LIBRARY = "libc++";
				CLANG_ENABLE_MODULES = YES;
				CLANG_ENABLE_OBJC_ARC = YES;
				CLANG_WARN_BOOL_CONVERSION = YES;
				CLANG_WARN_CONSTANT_CONVERSION = YES;
				CLANG_WARN_DIRECT_OBJC_ISA_USAGE = YES_ERROR;
				CLANG_WARN_DOCUMENTATION_COMMENTS = YES;
				CLANG_WARN_EMPTY_BODY = YES;
				CLANG_WARN_ENUM_CONVERSION = YES;
				CLANG_WARN_INFINITE_RECURSION = YES;
				CLANG_WARN_INT_CONVERSION = YES;
				CLANG_WARN_OBJC_ROOT_CLASS = YES_ERROR;
				CLANG_WARN_SUSPICIOUS_MOVES = YES;
				CLANG_WARN_UNREACHABLE_CODE = YES;
				CLANG_WARN__DUPLICATE_METHOD_MATCH = YES;
				"CODE_SIGN_IDENTITY[sdk=iphoneos*]" = "iPhone Developer";
				COPY_PHASE_STRIP = NO;
				DEBUG_INFORMATION_FORMAT = dwarf;
				ENABLE_STRICT_OBJC_MSGSEND = YES;
				ENABLE_TESTABILITY = YES;
				GCC_C_LANGUAGE_STANDARD = gnu99;
				GCC_DYNAMIC_NO_PIC = NO;
				GCC_NO_COMMON_BLOCKS = YES;
				GCC_OPTIMIZATION_LEVEL = 0;
				GCC_PREPROCESSOR_DEFINITIONS = (
					"DEBUG=1",
					"$(inherited)",
				);
				GCC_WARN_64_TO_32_BIT_CONVERSION = YES;
				GCC_WARN_ABOUT_RETURN_TYPE = YES_ERROR;
				GCC_WARN_UNDECLARED_SELECTOR = YES;
				GCC_WARN_UNINITIALIZED_AUTOS = YES_AGGRESSIVE;
				GCC_WARN_UNUSED_FUNCTION = YES;
				GCC_WARN_UNUSED_VARIABLE = YES;
				IPHONEOS_DEPLOYMENT_TARGET = 10.0;
				MTL_ENABLE_DEBUG_INFO = YES;
				ONLY_ACTIVE_ARCH = YES;
				SDKROOT = iphoneos;
				SWIFT_ACTIVE_COMPILATION_CONDITIONS = DEBUG;
				SWIFT_OPTIMIZATION_LEVEL = "-Onone";
				TARGETED_DEVICE_FAMILY = "1,2";
			};
			name = Debug;
		};
		77F48E101D9ABB110091DD7D /* Release */ = {
			isa = XCBuildConfiguration;
			buildSettings = {
				ALWAYS_SEARCH_USER_PATHS = NO;
				CLANG_ANALYZER_NONNULL = YES;
				CLANG_CXX_LANGUAGE_STANDARD = "gnu++0x";
				CLANG_CXX_LIBRARY = "libc++";
				CLANG_ENABLE_MODULES = YES;
				CLANG_ENABLE_OBJC_ARC = YES;
				CLANG_WARN_BOOL_CONVERSION = YES;
				CLANG_WARN_CONSTANT_CONVERSION = YES;
				CLANG_WARN_DIRECT_OBJC_ISA_USAGE = YES_ERROR;
				CLANG_WARN_DOCUMENTATION_COMMENTS = YES;
				CLANG_WARN_EMPTY_BODY = YES;
				CLANG_WARN_ENUM_CONVERSION = YES;
				CLANG_WARN_INFINITE_RECURSION = YES;
				CLANG_WARN_INT_CONVERSION = YES;
				CLANG_WARN_OBJC_ROOT_CLASS = YES_ERROR;
				CLANG_WARN_SUSPICIOUS_MOVES = YES;
				CLANG_WARN_UNREACHABLE_CODE = YES;
				CLANG_WARN__DUPLICATE_METHOD_MATCH = YES;
				"CODE_SIGN_IDENTITY[sdk=iphoneos*]" = "iPhone Developer";
				COPY_PHASE_STRIP = NO;
				DEBUG_INFORMATION_FORMAT = "dwarf-with-dsym";
				ENABLE_NS_ASSERTIONS = NO;
				ENABLE_STRICT_OBJC_MSGSEND = YES;
				GCC_C_LANGUAGE_STANDARD = gnu99;
				GCC_NO_COMMON_BLOCKS = YES;
				GCC_WARN_64_TO_32_BIT_CONVERSION = YES;
				GCC_WARN_ABOUT_RETURN_TYPE = YES_ERROR;
				GCC_WARN_UNDECLARED_SELECTOR = YES;
				GCC_WARN_UNINITIALIZED_AUTOS = YES_AGGRESSIVE;
				GCC_WARN_UNUSED_FUNCTION = YES;
				GCC_WARN_UNUSED_VARIABLE = YES;
				IPHONEOS_DEPLOYMENT_TARGET = 10.0;
				MTL_ENABLE_DEBUG_INFO = NO;
				SDKROOT = iphoneos;
				SWIFT_OPTIMIZATION_LEVEL = "-Owholemodule";
				TARGETED_DEVICE_FAMILY = "1,2";
				VALIDATE_PRODUCT = YES;
			};
			name = Release;
		};
		77F48E121D9ABB110091DD7D /* Debug */ = {
			isa = XCBuildConfiguration;
			buildSettings = {
				ASSETCATALOG_COMPILER_APPICON_NAME = AppIcon;
				DEVELOPMENT_TEAM = 5QS4R3TC26;
				INFOPLIST_FILE = "JS Test/Info.plist";
				LD_RUNPATH_SEARCH_PATHS = "$(inherited) @executable_path/Frameworks";
				PRODUCT_BUNDLE_IDENTIFIER = "com.ydangleapps.JS-Test";
				PRODUCT_NAME = "$(TARGET_NAME)";
				SWIFT_VERSION = 3.0;
			};
			name = Debug;
		};
		77F48E131D9ABB110091DD7D /* Release */ = {
			isa = XCBuildConfiguration;
			buildSettings = {
				ASSETCATALOG_COMPILER_APPICON_NAME = AppIcon;
				DEVELOPMENT_TEAM = 5QS4R3TC26;
				INFOPLIST_FILE = "JS Test/Info.plist";
				LD_RUNPATH_SEARCH_PATHS = "$(inherited) @executable_path/Frameworks";
				PRODUCT_BUNDLE_IDENTIFIER = "com.ydangleapps.JS-Test";
				PRODUCT_NAME = "$(TARGET_NAME)";
				SWIFT_VERSION = 3.0;
			};
			name = Release;
		};
/* End XCBuildConfiguration section */

/* Begin XCConfigurationList section */
		77F48DFA1D9ABB110091DD7D /* Build configuration list for PBXProject "JS Test" */ = {
			isa = XCConfigurationList;
			buildConfigurations = (
				77F48E0F1D9ABB110091DD7D /* Debug */,
				77F48E101D9ABB110091DD7D /* Release */,
			);
			defaultConfigurationIsVisible = 0;
			defaultConfigurationName = Release;
		};
		77F48E111D9ABB110091DD7D /* Build configuration list for PBXNativeTarget "JS Test" */ = {
			isa = XCConfigurationList;
			buildConfigurations = (
				77F48E121D9ABB110091DD7D /* Debug */,
				77F48E131D9ABB110091DD7D /* Release */,
			);
			defaultConfigurationIsVisible = 0;
		};
/* End XCConfigurationList section */
	};
	rootObject = 77F48DF71D9ABB110091DD7D /* Project object */;
}
